<?xml version="1.0" encoding="UTF-8"?>
<Scheme
   LastUpgradeVersion = "1520"
   version = "1.7">
   <BuildAction
      parallelizeBuildables = "YES"
      buildImplicitDependencies = "YES">
      <BuildActionEntries>
         <BuildActionEntry
            buildForTesting = "YES"
            buildForRunning = "YES"
            buildForProfiling = "YES"
            buildForArchiving = "YES"
            buildForAnalyzing = "YES">
            <BuildableReference
               BuildableIdentifier = "primary"
               BlueprintIdentifier = "365602D9BD9F47F2850C7A25"
               BuildableName = "ALL_BUILD"
               BlueprintName = "ALL_BUILD"
               ReferencedContainer = "container:../../../Documents/CS184/hw2-meshedit-sp24-team-25/xcode/ColladaViewer.xcodeproj">
            </BuildableReference>
         </BuildActionEntry>
      </BuildActionEntries>
   </BuildAction>
   <TestAction
      buildConfiguration = "Debug"
      selectedDebuggerIdentifier = "Xcode.DebuggerFoundation.Debugger.LLDB"
      selectedLauncherIdentifier = "Xcode.DebuggerFoundation.Launcher.LLDB"
      shouldUseLaunchSchemeArgsEnv = "YES"
      shouldAutocreateTestPlan = "YES">
   </TestAction>
   <LaunchAction
      buildConfiguration = "Debug"
      selectedDebuggerIdentifier = "Xcode.DebuggerFoundation.Debugger.LLDB"
      selectedLauncherIdentifier = "Xcode.DebuggerFoundation.Launcher.LLDB"
      launchStyle = "0"
      useCustomWorkingDirectory = "YES"
      customWorkingDirectory = "/Users/justinwang/Documents/CS184/hw2-meshedit-sp24-team-25/xcode"
      ignoresPersistentStateOnLaunch = "NO"
      debugDocumentVersioning = "YES"
      debugServiceExtension = "internal"
      allowLocationSimulation = "YES">
      <BuildableProductRunnable
         runnableDebuggingMode = "0">
         <BuildableReference
            BuildableIdentifier = "primary"
            BlueprintIdentifier = "60314D3CFDCD453F895D707B"
            BuildableName = "meshedit"
            BlueprintName = "meshedit"
            ReferencedContainer = "container:../../../Documents/CS184/hw2-meshedit-sp24-team-25/xcode/ColladaViewer.xcodeproj">
         </BuildableReference>
      </BuildableProductRunnable>
      <CommandLineArguments>
         <CommandLineArgument
            argument = "../bzc/curve1.bzc"
            isEnabled = "NO">
         </CommandLineArgument>
         <CommandLineArgument
            argument = "../dae/quadball.dae"
            isEnabled = "NO">
         </CommandLineArgument>
         <CommandLineArgument
            argument = "../dae/icosahedron/input.dae"
            isEnabled = "NO">
         </CommandLineArgument>
         <CommandLineArgument
            argument = "../dae/torus/input.dae"
            isEnabled = "NO">
         </CommandLineArgument>
         <CommandLineArgument
            argument = "../bzc/curve3.bzc"
            isEnabled = "NO">
         </CommandLineArgument>
         <CommandLineArgument
            argument = "../dae/teapot.dae"
            isEnabled = "NO">
         </CommandLineArgument>
         <CommandLineArgument
            argument = "../dae/cube.dae"
            isEnabled = "YES">
         </CommandLineArgument>
         <CommandLineArgument
            argument = "../bzc/curve2.bzc"
            isEnabled = "NO">
         </CommandLineArgument>
         <CommandLineArgument
            argument = "../bez/teapot.bez"
            isEnabled = "NO">
         </CommandLineArgument>
      </CommandLineArguments>
   </LaunchAction>
   <ProfileAction
      buildConfiguration = "Release"
      shouldUseLaunchSchemeArgsEnv = "YES"
      savedToolIdentifier = ""
      useCustomWorkingDirectory = "NO"
      debugDocumentVersioning = "YES">
      <MacroExpansion>
         <BuildableReference
            BuildableIdentifier = "primary"
            BlueprintIdentifier = "365602D9BD9F47F2850C7A25"
            BuildableName = "ALL_BUILD"
            BlueprintName = "ALL_BUILD"
            ReferencedContainer = "container:../../../Documents/CS184/hw2-meshedit-sp24-team-25/xcode/ColladaViewer.xcodeproj">
         </BuildableReference>
      </MacroExpansion>
   </ProfileAction>
   <AnalyzeAction
      buildConfiguration = "Debug">
   </AnalyzeAction>
   <ArchiveAction
      buildConfiguration = "Release"
      revealArchiveInOrganizer = "YES">
   </ArchiveAction>
</Scheme>
